
Microsoft Visual Studio Solution File, Format Version 12.00
# Visual Studio 2012
Project("{8BC9CEB8-8B4A-11D0-8D11-00A0C91BC942}") = "五子棋单机版", "五子棋单机版\五子棋单机版.vcxproj", "{ED60158C-4CC3-4103-9C25-76B3DD71FC63}"
EndProject
Global
	GlobalSection(SolutionConfigurationPlatforms) = preSolution
		Debug|Win32 = Debug|Win32
		Release|Win32 = Release|Win32
	EndGlobalSection
	GlobalSection(ProjectConfigurationPlatforms) = postSolution
		{ED60158C-4CC3-4103-9C25-76B3DD71FC63}.Debug|Win32.ActiveCfg = Debug|Win32
		{ED60158C-4CC3-4103-9C25-76B3DD71FC63}.Debug|Win32.Build.0 = Debug|Win32
		{ED60158C-4CC3-4103-9C25-76B3DD71FC63}.Release|Win32.ActiveCfg = Release|Win32
		{ED60158C-4CC3-4103-9C25-76B3DD71FC63}.Release|Win32.Build.0 = Release|Win32
	EndGlobalSection
	GlobalSection(SolutionProperties) = preSolution
		HideSolutionNode = FALSE
	EndGlobalSection
EndGlobal
